
Microsoft Visual Studio Solution File, Format Version 12.00
# Visual Studio Version 16
VisualStudioVersion = 16.0.30804.86
MinimumVisualStudioVersion = 10.0.40219.1
Project("{9A19103F-16F7-4668-BE54-9A1E7A4F7556}") = "Challonge.Net", "src\Challonge.Net\Challonge.Net.csproj", "{87CCB181-D7B2-4164-844B-7CC9C1196480}"
EndProject
Global
	GlobalSection(SolutionConfigurationPlatforms) = preSolution
		Debug|Any CPU = Debug|Any CPU
		Release|Any CPU = Release|Any CPU
	EndGlobalSection
	GlobalSection(ProjectConfigurationPlatforms) = postSolution
		{87CCB181-D7B2-4164-844B-7CC9C1196480}.Debug|Any CPU.ActiveCfg = Debug|Any CPU
		{87CCB181-D7B2-4164-844B-7CC9C1196480}.Debug|Any CPU.Build.0 = Debug|Any CPU
		{87CCB181-D7B2-4164-844B-7CC9C1196480}.Release|Any CPU.ActiveCfg = Release|Any CPU
		{87CCB181-D7B2-4164-844B-7CC9C1196480}.Release|Any CPU.Build.0 = Release|Any CPU
	EndGlobalSection
	GlobalSection(SolutionProperties) = preSolution
		HideSolutionNode = FALSE
	EndGlobalSection
	GlobalSection(ExtensibilityGlobals) = postSolution
		SolutionGuid = {BBB504EC-E7F9-479D-8EBC-0746C421C9AD}
	EndGlobalSection
EndGlobal
